// !$*UTF8*$!
{
	archiveVersion = 1;
	classes = {
	};
	objectVersion = 50;
	objects = {

/* Begin PBXBuildFile section */
		5C29264E22DBAF0400B4B458 /* AppDelegate.swift in Sources */ = {isa = PBXBuildFile; fileRef = 5C29264D22DBAF0400B4B458 /* AppDelegate.swift */; };
		5C29265022DBAF0400B4B458 /* SceneDelegate.swift in Sources */ = {isa = PBXBuildFile; fileRef = 5C29264F22DBAF0400B4B458 /* SceneDelegate.swift */; };
		5C29265322DBAF0400B4B458 /* SimpleTodoList.xcdatamodeld in Sources */ = {isa = PBXBuildFile; fileRef = 5C29265122DBAF0400B4B458 /* SimpleTodoList.xcdatamodeld */; };
		5C29265522DBAF0400B4B458 /* MainView.swift in Sources */ = {isa = PBXBuildFile; fileRef = 5C29265422DBAF0400B4B458 /* MainView.swift */; };
		5C29265722DBAF0500B4B458 /* Assets.xcassets in Resources */ = {isa = PBXBuildFile; fileRef = 5C29265622DBAF0500B4B458 /* Assets.xcassets */; };
		5C29265A22DBAF0500B4B458 /* Preview Assets.xcassets in Resources */ = {isa = PBXBuildFile; fileRef = 5C29265922DBAF0500B4B458 /* Preview Assets.xcassets */; };
		5C29265D22DBAF0500B4B458 /* LaunchScreen.storyboard in Resources */ = {isa = PBXBuildFile; fileRef = 5C29265B22DBAF0500B4B458 /* LaunchScreen.storyboard */; };
		5C29266F22DBB3BB00B4B458 /* Task.swift in Sources */ = {isa = PBXBuildFile; fileRef = 5C29266E22DBB3BB00B4B458 /* Task.swift */; };
		5C29267122DBB49700B4B458 /* UserData.swift in Sources */ = {isa = PBXBuildFile; fileRef = 5C29267022DBB49700B4B458 /* UserData.swift */; };
		5C29267322DBB4BA00B4B458 /* DefaultValues.swift in Sources */ = {isa = PBXBuildFile; fileRef = 5C29267222DBB4BA00B4B458 /* DefaultValues.swift */; };
		5C29267722DBB50F00B4B458 /* ItemView.swift in Sources */ = {isa = PBXBuildFile; fileRef = 5C29267622DBB50F00B4B458 /* ItemView.swift */; };
		5CCE30E922DD135B0055C2E3 /* EditTaskView.swift in Sources */ = {isa = PBXBuildFile; fileRef = 5CCE30E822DD135B0055C2E3 /* EditTaskView.swift */; };
/* End PBXBuildFile section */

/* Begin PBXFileReference section */
		5C29264A22DBAF0400B4B458 /* SimpleTodoList.app */ = {isa = PBXFileReference; explicitFileType = wrapper.application; includeInIndex = 0; path = SimpleTodoList.app; sourceTree = BUILT_PRODUCTS_DIR; };
		5C29264D22DBAF0400B4B458 /* AppDelegate.swift */ = {isa = PBXFileReference; lastKnownFileType = sourcecode.swift; path = AppDelegate.swift; sourceTree = "<group>"; };
		5C29264F22DBAF0400B4B458 /* SceneDelegate.swift */ = {isa = PBXFileReference; lastKnownFileType = sourcecode.swift; path = SceneDelegate.swift; sourceTree = "<group>"; };
		5C29265222DBAF0400B4B458 /* SimpleTodoList.xcdatamodel */ = {isa = PBXFileReference; lastKnownFileType = wrapper.xcdatamodel; path = SimpleTodoList.xcdatamodel; sourceTree = "<group>"; };
		5C29265422DBAF0400B4B458 /* MainView.swift */ = {isa = PBXFileReference; lastKnownFileType = sourcecode.swift; path = MainView.swift; sourceTree = "<group>"; };
		5C29265622DBAF0500B4B458 /* Assets.xcassets */ = {isa = PBXFileReference; lastKnownFileType = folder.assetcatalog; path = Assets.xcassets; sourceTree = "<group>"; };
		5C29265922DBAF0500B4B458 /* Preview Assets.xcassets */ = {isa = PBXFileReference; lastKnownFileType = folder.assetcatalog; path = "Preview Assets.xcassets"; sourceTree = "<group>"; };
		5C29265C22DBAF0500B4B458 /* Base */ = {isa = PBXFileReference; lastKnownFileType = file.storyboard; name = Base; path = Base.lproj/LaunchScreen.storyboard; sourceTree = "<group>"; };
		5C29265E22DBAF0500B4B458 /* Info.plist */ = {isa = PBXFileReference; lastKnownFileType = text.plist.xml; path = Info.plist; sourceTree = "<group>"; };
		5C29266E22DBB3BB00B4B458 /* Task.swift */ = {isa = PBXFileReference; lastKnownFileType = sourcecode.swift; path = Task.swift; sourceTree = "<group>"; };
		5C29267022DBB49700B4B458 /* UserData.swift */ = {isa = PBXFileReference; lastKnownFileType = sourcecode.swift; path = UserData.swift; sourceTree = "<group>"; };
		5C29267222DBB4BA00B4B458 /* DefaultValues.swift */ = {isa = PBXFileReference; lastKnownFileType = sourcecode.swift; path = DefaultValues.swift; sourceTree = "<group>"; };
		5C29267622DBB50F00B4B458 /* ItemView.swift */ = {isa = PBXFileReference; lastKnownFileType = sourcecode.swift; path = ItemView.swift; sourceTree = "<group>"; };
		5CCE30E822DD135B0055C2E3 /* EditTaskView.swift */ = {isa = PBXFileReference; lastKnownFileType = sourcecode.swift; path = EditTaskView.swift; sourceTree = "<group>"; };
/* End PBXFileReference section */

/* Begin PBXFrameworksBuildPhase section */
		5C29264722DBAF0400B4B458 /* Frameworks */ = {
			isa = PBXFrameworksBuildPhase;
			buildActionMask = 2147483647;
			files = (
			);
			runOnlyForDeploymentPostprocessing = 0;
		};
/* End PBXFrameworksBuildPhase section */

/* Begin PBXGroup section */
		5C29264122DBAF0400B4B458 = {
			isa = PBXGroup;
			children = (
				5C29264C22DBAF0400B4B458 /* SimpleTodoList */,
				5C29264B22DBAF0400B4B458 /* Products */,
			);
			sourceTree = "<group>";
		};
		5C29264B22DBAF0400B4B458 /* Products */ = {
			isa = PBXGroup;
			children = (
				5C29264A22DBAF0400B4B458 /* SimpleTodoList.app */,
			);
			name = Products;
			sourceTree = "<group>";
		};
		5C29264C22DBAF0400B4B458 /* SimpleTodoList */ = {
			isa = PBXGroup;
			children = (
				5C29266522DBAF6900B4B458 /* App */,
				5C29266D22DBB3A900B4B458 /* Model */,
				5C29267422DBB4C100B4B458 /* Main */,
				5C29267522DBB4D700B4B458 /* Utils */,
				5C29266422DBAF4900B4B458 /* Resources */,
				5C29265822DBAF0500B4B458 /* Preview Content */,
			);
			path = SimpleTodoList;
			sourceTree = "<group>";
		};
		5C29265822DBAF0500B4B458 /* Preview Content */ = {
			isa = PBXGroup;
			children = (
				5C29265922DBAF0500B4B458 /* Preview Assets.xcassets */,
			);
			path = "Preview Content";
			sourceTree = "<group>";
		};
		5C29266422DBAF4900B4B458 /* Resources */ = {
			isa = PBXGroup;
			children = (
				5C29265622DBAF0500B4B458 /* Assets.xcassets */,
				5C29265B22DBAF0500B4B458 /* LaunchScreen.storyboard */,
				5C29265E22DBAF0500B4B458 /* Info.plist */,
				5C29265122DBAF0400B4B458 /* SimpleTodoList.xcdatamodeld */,
			);
			path = Resources;
			sourceTree = "<group>";
		};
		5C29266522DBAF6900B4B458 /* App */ = {
			isa = PBXGroup;
			children = (
				5C29264D22DBAF0400B4B458 /* AppDelegate.swift */,
				5C29264F22DBAF0400B4B458 /* SceneDelegate.swift */,
			);
			path = App;
			sourceTree = "<group>";
		};
		5C29266D22DBB3A900B4B458 /* Model */ = {
			isa = PBXGroup;
			children = (
				5C29266E22DBB3BB00B4B458 /* Task.swift */,
			);
			path = Model;
			sourceTree = "<group>";
		};
		5C29267422DBB4C100B4B458 /* Main */ = {
			isa = PBXGroup;
			children = (
				5C29267022DBB49700B4B458 /* UserData.swift */,
				5C29265422DBAF0400B4B458 /* MainView.swift */,
				5C29267622DBB50F00B4B458 /* ItemView.swift */,
				5CCE30E822DD135B0055C2E3 /* EditTaskView.swift */,
			);
			path = Main;
			sourceTree = "<group>";
		};
		5C29267522DBB4D700B4B458 /* Utils */ = {
			isa = PBXGroup;
			children = (
				5C29267222DBB4BA00B4B458 /* DefaultValues.swift */,
			);
			path = Utils;
			sourceTree = "<group>";
		};
/* End PBXGroup section */

/* Begin PBXNativeTarget section */
		5C29264922DBAF0400B4B458 /* SimpleTodoList */ = {
			isa = PBXNativeTarget;
			buildConfigurationList = 5C29266122DBAF0500B4B458 /* Build configuration list for PBXNativeTarget "SimpleTodoList" */;
			buildPhases = (
				5C29264622DBAF0400B4B458 /* Sources */,
				5C29264722DBAF0400B4B458 /* Frameworks */,
				5C29264822DBAF0400B4B458 /* Resources */,
			);
			buildRules = (
			);
			dependencies = (
			);
			name = SimpleTodoList;
			productName = SimpleTodoList;
			productReference = 5C29264A22DBAF0400B4B458 /* SimpleTodoList.app */;
			productType = "com.apple.product-type.application";
		};
/* End PBXNativeTarget section */

/* Begin PBXProject section */
		5C29264222DBAF0400B4B458 /* Project object */ = {
			isa = PBXProject;
			attributes = {
				LastSwiftUpdateCheck = 1100;
				LastUpgradeCheck = 1100;
				ORGANIZATIONNAME = "Mustafa Ozhan";
				TargetAttributes = {
					5C29264922DBAF0400B4B458 = {
						CreatedOnToolsVersion = 11.0;
					};
				};
			};
			buildConfigurationList = 5C29264522DBAF0400B4B458 /* Build configuration list for PBXProject "SimpleTodoList" */;
			compatibilityVersion = "Xcode 9.3";
			developmentRegion = en;
			hasScannedForEncodings = 0;
			knownRegions = (
				en,
				Base,
			);
			mainGroup = 5C29264122DBAF0400B4B458;
			productRefGroup = 5C29264B22DBAF0400B4B458 /* Products */;
			projectDirPath = "";
			projectRoot = "";
			targets = (
				5C29264922DBAF0400B4B458 /* SimpleTodoList */,
			);
		};
/* End PBXProject section */

/* Begin PBXResourcesBuildPhase section */
		5C29264822DBAF0400B4B458 /* Resources */ = {
			isa = PBXResourcesBuildPhase;
			buildActionMask = 2147483647;
			files = (
				5C29265D22DBAF0500B4B458 /* LaunchScreen.storyboard in Resources */,
				5C29265A22DBAF0500B4B458 /* Preview Assets.xcassets in Resources */,
				5C29265722DBAF0500B4B458 /* Assets.xcassets in Resources */,
			);
			runOnlyForDeploymentPostprocessing = 0;
		};
/* End PBXResourcesBuildPhase section */

/* Begin PBXSourcesBuildPhase section */
		5C29264622DBAF0400B4B458 /* Sources */ = {
			isa = PBXSourcesBuildPhase;
			buildActionMask = 2147483647;
			files = (
				5C29267122DBB49700B4B458 /* UserData.swift in Sources */,
				5C29264E22DBAF0400B4B458 /* AppDelegate.swift in Sources */,
				5C29265022DBAF0400B4B458 /* SceneDelegate.swift in Sources */,
				5C29267722DBB50F00B4B458 /* ItemView.swift in Sources */,
				5C29267322DBB4BA00B4B458 /* DefaultValues.swift in Sources */,
				5CCE30E922DD135B0055C2E3 /* EditTaskView.swift in Sources */,
				5C29266F22DBB3BB00B4B458 /* Task.swift in Sources */,
				5C29265522DBAF0400B4B458 /* MainView.swift in Sources */,
				5C29265322DBAF0400B4B458 /* SimpleTodoList.xcdatamodeld in Sources */,
			);
			runOnlyForDeploymentPostprocessing = 0;
		};
/* End PBXSourcesBuildPhase section */

/* Begin PBXVariantGroup section */
		5C29265B22DBAF0500B4B458 /* LaunchScreen.storyboard */ = {
			isa = PBXVariantGroup;
			children = (
				5C29265C22DBAF0500B4B458 /* Base */,
			);
			name = LaunchScreen.storyboard;
			sourceTree = "<group>";
		};
/* End PBXVariantGroup section */

/* Begin XCBuildConfiguration section */
		5C29265F22DBAF0500B4B458 /* Debug */ = {
			isa = XCBuildConfiguration;
			buildSettings = {
				ALWAYS_SEARCH_USER_PATHS = NO;
				CLANG_ANALYZER_NONNULL = YES;
				CLANG_ANALYZER_NUMBER_OBJECT_CONVERSION = YES_AGGRESSIVE;
				CLANG_CXX_LANGUAGE_STANDARD = "gnu++14";
				CLANG_CXX_LIBRARY = "libc++";
				CLANG_ENABLE_MODULES = YES;
				CLANG_ENABLE_OBJC_ARC = YES;
				CLANG_ENABLE_OBJC_WEAK = YES;
				CLANG_WARN_BLOCK_CAPTURE_AUTORELEASING = YES;
				CLANG_WARN_BOOL_CONVERSION = YES;
				CLANG_WARN_COMMA = YES;
				CLANG_WARN_CONSTANT_CONVERSION = YES;
				CLANG_WARN_DEPRECATED_OBJC_IMPLEMENTATIONS = YES;
				CLANG_WARN_DIRECT_OBJC_ISA_USAGE = YES_ERROR;
				CLANG_WARN_DOCUMENTATION_COMMENTS = YES;
				CLANG_WARN_EMPTY_BODY = YES;
				CLANG_WARN_ENUM_CONVERSION = YES;
				CLANG_WARN_INFINITE_RECURSION = YES;
				CLANG_WARN_INT_CONVERSION = YES;
				CLANG_WARN_NON_LITERAL_NULL_CONVERSION = YES;
				CLANG_WARN_OBJC_IMPLICIT_RETAIN_SELF = YES;
				CLANG_WARN_OBJC_LITERAL_CONVERSION = YES;
				CLANG_WARN_OBJC_ROOT_CLASS = YES_ERROR;
				CLANG_WARN_RANGE_LOOP_ANALYSIS = YES;
				CLANG_WARN_STRICT_PROTOTYPES = YES;
				CLANG_WARN_SUSPICIOUS_MOVE = YES;
				CLANG_WARN_UNGUARDED_AVAILABILITY = YES_AGGRESSIVE;
				CLANG_WARN_UNREACHABLE_CODE = YES;
				CLANG_WARN__DUPLICATE_METHOD_MATCH = YES;
				COPY_PHASE_STRIP = NO;
				DEBUG_INFORMATION_FORMAT = dwarf;
				ENABLE_STRICT_OBJC_MSGSEND = YES;
				ENABLE_TESTABILITY = YES;
				GCC_C_LANGUAGE_STANDARD = gnu11;
				GCC_DYNAMIC_NO_PIC = NO;
				GCC_NO_COMMON_BLOCKS = YES;
				GCC_OPTIMIZATION_LEVEL = 0;
				GCC_PREPROCESSOR_DEFINITIONS = (
					"DEBUG=1",
					"$(inherited)",
				);
				GCC_WARN_64_TO_32_BIT_CONVERSION = YES;
				GCC_WARN_ABOUT_RETURN_TYPE = YES_ERROR;
				GCC_WARN_UNDECLARED_SELECTOR = YES;
				GCC_WARN_UNINITIALIZED_AUTOS = YES_AGGRESSIVE;
				GCC_WARN_UNUSED_FUNCTION = YES;
				GCC_WARN_UNUSED_VARIABLE = YES;
				IPHONEOS_DEPLOYMENT_TARGET = 13.0;
				MTL_ENABLE_DEBUG_INFO = INCLUDE_SOURCE;
				MTL_FAST_MATH = YES;
				ONLY_ACTIVE_ARCH = YES;
				SDKROOT = iphoneos;
				SWIFT_ACTIVE_COMPILATION_CONDITIONS = DEBUG;
				SWIFT_OPTIMIZATION_LEVEL = "-Onone";
			};
			name = Debug;
		};
		5C29266022DBAF0500B4B458 /* Release */ = {
			isa = XCBuildConfiguration;
			buildSettings = {
				ALWAYS_SEARCH_USER_PATHS = NO;
				CLANG_ANALYZER_NONNULL = YES;
				CLANG_ANALYZER_NUMBER_OBJECT_CONVERSION = YES_AGGRESSIVE;
				CLANG_CXX_LANGUAGE_STANDARD = "gnu++14";
				CLANG_CXX_LIBRARY = "libc++";
				CLANG_ENABLE_MODULES = YES;
				CLANG_ENABLE_OBJC_ARC = YES;
				CLANG_ENABLE_OBJC_WEAK = YES;
				CLANG_WARN_BLOCK_CAPTURE_AUTORELEASING = YES;
				CLANG_WARN_BOOL_CONVERSION = YES;
				CLANG_WARN_COMMA = YES;
				CLANG_WARN_CONSTANT_CONVERSION = YES;
				CLANG_WARN_DEPRECATED_OBJC_IMPLEMENTATIONS = YES;
				CLANG_WARN_DIRECT_OBJC_ISA_USAGE = YES_ERROR;
				CLANG_WARN_DOCUMENTATION_COMMENTS = YES;
				CLANG_WARN_EMPTY_BODY = YES;
				CLANG_WARN_ENUM_CONVERSION = YES;
				CLANG_WARN_INFINITE_RECURSION = YES;
				CLANG_WARN_INT_CONVERSION = YES;
				CLANG_WARN_NON_LITERAL_NULL_CONVERSION = YES;
				CLANG_WARN_OBJC_IMPLICIT_RETAIN_SELF = YES;
				CLANG_WARN_OBJC_LITERAL_CONVERSION = YES;
				CLANG_WARN_OBJC_ROOT_CLASS = YES_ERROR;
				CLANG_WARN_RANGE_LOOP_ANALYSIS = YES;
				CLANG_WARN_STRICT_PROTOTYPES = YES;
				CLANG_WARN_SUSPICIOUS_MOVE = YES;
				CLANG_WARN_UNGUARDED_AVAILABILITY = YES_AGGRESSIVE;
				CLANG_WARN_UNREACHABLE_CODE = YES;
				CLANG_WARN__DUPLICATE_METHOD_MATCH = YES;
				COPY_PHASE_STRIP = NO;
				DEBUG_INFORMATION_FORMAT = "dwarf-with-dsym";
				ENABLE_NS_ASSERTIONS = NO;
				ENABLE_STRICT_OBJC_MSGSEND = YES;
				GCC_C_LANGUAGE_STANDARD = gnu11;
				GCC_NO_COMMON_BLOCKS = YES;
				GCC_WARN_64_TO_32_BIT_CONVERSION = YES;
				GCC_WARN_ABOUT_RETURN_TYPE = YES_ERROR;
				GCC_WARN_UNDECLARED_SELECTOR = YES;
				GCC_WARN_UNINITIALIZED_AUTOS = YES_AGGRESSIVE;
				GCC_WARN_UNUSED_FUNCTION = YES;
				GCC_WARN_UNUSED_VARIABLE = YES;
				IPHONEOS_DEPLOYMENT_TARGET = 13.0;
				MTL_ENABLE_DEBUG_INFO = NO;
				MTL_FAST_MATH = YES;
				SDKROOT = iphoneos;
				SWIFT_COMPILATION_MODE = wholemodule;
				SWIFT_OPTIMIZATION_LEVEL = "-O";
				VALIDATE_PRODUCT = YES;
			};
			name = Release;
		};
		5C29266222DBAF0500B4B458 /* Debug */ = {
			isa = XCBuildConfiguration;
			buildSettings = {
				ASSETCATALOG_COMPILER_APPICON_NAME = AppIcon;
				CODE_SIGN_STYLE = Automatic;
				DEVELOPMENT_ASSET_PATHS = "SimpleTodoList/Preview\\ Content";
				DEVELOPMENT_TEAM = 8MTR5SHZFD;
				ENABLE_PREVIEWS = YES;
				INFOPLIST_FILE = SimpleTodoList/Resources/Info.plist;
				LD_RUNPATH_SEARCH_PATHS = (
					"$(inherited)",
					"@executable_path/Frameworks",
				);
				PRODUCT_BUNDLE_IDENTIFIER = com.github.mustafaozhan.SimpleTodoList;
				PRODUCT_NAME = "$(TARGET_NAME)";
				SWIFT_VERSION = 5.0;
				TARGETED_DEVICE_FAMILY = "1,2";
			};
			name = Debug;
		};
		5C29266322DBAF0500B4B458 /* Release */ = {
			isa = XCBuildConfiguration;
			buildSettings = {
				ASSETCATALOG_COMPILER_APPICON_NAME = AppIcon;
				CODE_SIGN_STYLE = Automatic;
				DEVELOPMENT_ASSET_PATHS = "SimpleTodoList/Preview\\ Content";
				DEVELOPMENT_TEAM = 8MTR5SHZFD;
				ENABLE_PREVIEWS = YES;
				INFOPLIST_FILE = SimpleTodoList/Resources/Info.plist;
				LD_RUNPATH_SEARCH_PATHS = (
					"$(inherited)",
					"@executable_path/Frameworks",
				);
				PRODUCT_BUNDLE_IDENTIFIER = com.github.mustafaozhan.SimpleTodoList;
				PRODUCT_NAME = "$(TARGET_NAME)";
				SWIFT_VERSION = 5.0;
				TARGETED_DEVICE_FAMILY = "1,2";
			};
			name = Release;
		};
/* End XCBuildConfiguration section */

/* Begin XCConfigurationList section */
		5C29264522DBAF0400B4B458 /* Build configuration list for PBXProject "SimpleTodoList" */ = {
			isa = XCConfigurationList;
			buildConfigurations = (
				5C29265F22DBAF0500B4B458 /* Debug */,
				5C29266022DBAF0500B4B458 /* Release */,
			);
			defaultConfigurationIsVisible = 0;
			defaultConfigurationName = Release;
		};
		5C29266122DBAF0500B4B458 /* Build configuration list for PBXNativeTarget "SimpleTodoList" */ = {
			isa = XCConfigurationList;
			buildConfigurations = (
				5C29266222DBAF0500B4B458 /* Debug */,
				5C29266322DBAF0500B4B458 /* Release */,
			);
			defaultConfigurationIsVisible = 0;
			defaultConfigurationName = Release;
		};
/* End XCConfigurationList section */

/* Begin XCVersionGroup section */
		5C29265122DBAF0400B4B458 /* SimpleTodoList.xcdatamodeld */ = {
			isa = XCVersionGroup;
			children = (
				5C29265222DBAF0400B4B458 /* SimpleTodoList.xcdatamodel */,
			);
			currentVersion = 5C29265222DBAF0400B4B458 /* SimpleTodoList.xcdatamodel */;
			path = SimpleTodoList.xcdatamodeld;
			sourceTree = "<group>";
			versionGroupType = wrapper.xcdatamodel;
		};
/* End XCVersionGroup section */
	};
	rootObject = 5C29264222DBAF0400B4B458 /* Project object */;
}
